version = 1
revision = 1
requires-python = ">=3.10"
resolution-markers = [
    "python_full_version >= '3.12'",
    "python_full_version < '3.12'",
]

[[package]]
name = "filelock"
version = "3.16.1"
source = { registry = "https://pypi.org/simple" }
sdist = { url = "https://files.pythonhosted.org/packages/9d/db/3ef5bb276dae18d6ec2124224403d1d67bccdbefc17af4cc8f553e341ab1/filelock-3.16.1.tar.gz", hash = "sha256:c249fbfcd5db47e5e2d6d62198e565475ee65e4831e2561c8e313fa7eb961435", size = 18037 }
wheels = [
    { url = "https://files.pythonhosted.org/packages/b9/f8/feced7779d755758a52d1f6635d990b8d98dc0a29fa568bbe0625f18fdf3/filelock-3.16.1-py3-none-any.whl", hash = "sha256:2082e5703d51fbf98ea75855d9d5527e33d8ff23099bec374a134febee6946b0", size = 16163 },
]

[[package]]
name = "fsspec"
version = "2024.12.0"
source = { registry = "https://pypi.org/simple" }
sdist = { url = "https://files.pythonhosted.org/packages/ee/11/de70dee31455c546fbc88301971ec03c328f3d1138cfba14263f651e9551/fsspec-2024.12.0.tar.gz", hash = "sha256:670700c977ed2fb51e0d9f9253177ed20cbde4a3e5c0283cc5385b5870c8533f", size = 291600 }
wheels = [
    { url = "https://files.pythonhosted.org/packages/de/86/5486b0188d08aa643e127774a99bac51ffa6cf343e3deb0583956dca5b22/fsspec-2024.12.0-py3-none-any.whl", hash = "sha256:b520aed47ad9804237ff878b504267a3b0b441e97508bd6d2d8774e3db85cee2", size = 183862 },
]

[[package]]
name = "jinja2"
version = "3.1.5"
source = { registry = "https://pypi.org/simple" }
dependencies = [
    { name = "markupsafe" },
]
sdist = { url = "https://files.pythonhosted.org/packages/af/92/b3130cbbf5591acf9ade8708c365f3238046ac7cb8ccba6e81abccb0ccff/jinja2-3.1.5.tar.gz", hash = "sha256:8fefff8dc3034e27bb80d67c671eb8a9bc424c0ef4c0826edbff304cceff43bb", size = 244674 }
wheels = [
    { url = "https://files.pythonhosted.org/packages/bd/0f/2ba5fbcd631e3e88689309dbe978c5769e883e4b84ebfe7da30b43275c5a/jinja2-3.1.5-py3-none-any.whl", hash = "sha256:aba0f4dc9ed8013c424088f68a5c226f7d6097ed89b246d7749c2ec4175c6adb", size = 134596 },
]

[[package]]
name = "markupsafe"
version = "3.0.2"
source = { registry = "https://pypi.org/simple" }
sdist = { url = "https://files.pythonhosted.org/packages/b2/97/5d42485e71dfc078108a86d6de8fa46db44a1a9295e89c5d6d4a06e23a62/markupsafe-3.0.2.tar.gz", hash = "sha256:ee55d3edf80167e48ea11a923c7386f4669df67d7994554387f84e7d8b0a2bf0", size = 20537 }
wheels = [
    { url = "https://files.pythonhosted.org/packages/22/35/137da042dfb4720b638d2937c38a9c2df83fe32d20e8c8f3185dbfef05f7/MarkupSafe-3.0.2-cp310-cp310-manylinux_2_17_x86_64.manylinux2014_x86_64.whl", hash = "sha256:bbcb445fa71794da8f178f0f6d66789a28d7319071af7a496d4d507ed566270d", size = 20866 },
    { url = "https://files.pythonhosted.org/packages/bd/6e/61ebf08d8940553afff20d1fb1ba7294b6f8d279df9fd0c0db911b4bbcfd/MarkupSafe-3.0.2-cp310-cp310-musllinux_1_2_x86_64.whl", hash = "sha256:b424c77b206d63d500bcb69fa55ed8d0e6a3774056bdc4839fc9298a7edca171", size = 21091 },
    { url = "https://files.pythonhosted.org/packages/f1/a4/aefb044a2cd8d7334c8a47d3fb2c9f328ac48cb349468cc31c20b539305f/MarkupSafe-3.0.2-cp311-cp311-manylinux_2_17_x86_64.manylinux2014_x86_64.whl", hash = "sha256:a123e330ef0853c6e822384873bef7507557d8e4a082961e1defa947aa59ba84", size = 23120 },
    { url = "https://files.pythonhosted.org/packages/69/84/83439e16197337b8b14b6a5b9c2105fff81d42c2a7c5b58ac7b62ee2c3b1/MarkupSafe-3.0.2-cp311-cp311-musllinux_1_2_x86_64.whl", hash = "sha256:0bff5e0ae4ef2e1ae4fdf2dfd5b76c75e5c2fa4132d05fc1b0dabcd20c7e28c4", size = 23306 },
    { url = "https://files.pythonhosted.org/packages/f3/f0/89e7aadfb3749d0f52234a0c8c7867877876e0a20b60e2188e9850794c17/MarkupSafe-3.0.2-cp312-cp312-manylinux_2_17_x86_64.manylinux2014_x86_64.whl", hash = "sha256:e17c96c14e19278594aa4841ec148115f9c7615a47382ecb6b82bd8fea3ab0c8", size = 23118 },
    { url = "https://files.pythonhosted.org/packages/a2/82/8be4c96ffee03c5b4a034e60a31294daf481e12c7c43ab8e34a1453ee48b/MarkupSafe-3.0.2-cp312-cp312-musllinux_1_2_x86_64.whl", hash = "sha256:ad10d3ded218f1039f11a75f8091880239651b52e9bb592ca27de44eed242a48", size = 23352 },
    { url = "https://files.pythonhosted.org/packages/0c/91/96cf928db8236f1bfab6ce15ad070dfdd02ed88261c2afafd4b43575e9e9/MarkupSafe-3.0.2-cp313-cp313-manylinux_2_17_x86_64.manylinux2014_x86_64.whl", hash = "sha256:15ab75ef81add55874e7ab7055e9c397312385bd9ced94920f2802310c930396", size = 23085 },
    { url = "https://files.pythonhosted.org/packages/ce/4f/9a02c1d335caabe5c4efb90e1b6e8ee944aa245c1aaaab8e8a618987d816/MarkupSafe-3.0.2-cp313-cp313-musllinux_1_2_x86_64.whl", hash = "sha256:444dcda765c8a838eaae23112db52f1efaf750daddb2d9ca300bcae1039adc5c", size = 23344 },
    { url = "https://files.pythonhosted.org/packages/0c/e3/90e9651924c430b885468b56b3d597cabf6d72be4b24a0acd1fa0e12af67/MarkupSafe-3.0.2-cp313-cp313t-manylinux_2_17_x86_64.manylinux2014_x86_64.whl", hash = "sha256:c0ef13eaeee5b615fb07c9a7dadb38eac06a0608b41570d8ade51c56539e509d", size = 23914 },
    { url = "https://files.pythonhosted.org/packages/0d/80/0985960e4b89922cb5a0bac0ed39c5b96cbc1a536a99f30e8c220a996ed9/MarkupSafe-3.0.2-cp313-cp313t-musllinux_1_2_x86_64.whl", hash = "sha256:131a3c7689c85f5ad20f9f6fb1b866f402c445b220c19fe4308c0b147ccd2ad9", size = 24098 },
]

[[package]]
name = "mpmath"
version = "1.3.0"
source = { registry = "https://pypi.org/simple" }
sdist = { url = "https://files.pythonhosted.org/packages/e0/47/dd32fa426cc72114383ac549964eecb20ecfd886d1e5ccf5340b55b02f57/mpmath-1.3.0.tar.gz", hash = "sha256:7a28eb2a9774d00c7bc92411c19a89209d5da7c4c9a9e227be8330a23a25b91f", size = 508106 }
wheels = [
    { url = "https://files.pythonhosted.org/packages/43/e3/7d92a15f894aa0c9c4b49b8ee9ac9850d6e63b03c9c32c0367a13ae62209/mpmath-1.3.0-py3-none-any.whl", hash = "sha256:a0b2b9fe80bbcd81a6647ff13108738cfb482d481d826cc0e02f5b35e5c88d2c", size = 536198 },
]

[[package]]
name = "networkx"
version = "3.4.2"
source = { registry = "https://pypi.org/simple" }
sdist = { url = "https://files.pythonhosted.org/packages/fd/1d/06475e1cd5264c0b870ea2cc6fdb3e37177c1e565c43f56ff17a10e3937f/networkx-3.4.2.tar.gz", hash = "sha256:307c3669428c5362aab27c8a1260aa8f47c4e91d3891f48be0141738d8d053e1", size = 2151368 }
wheels = [
    { url = "https://files.pythonhosted.org/packages/b9/54/dd730b32ea14ea797530a4479b2ed46a6fb250f682a9cfb997e968bf0261/networkx-3.4.2-py3-none-any.whl", hash = "sha256:df5d4365b724cf81b8c6a7312509d0c22386097011ad1abe274afd5e9d3bbc5f", size = 1723263 },
]

[[package]]
name = "numpy"
version = "2.2.1"
source = { registry = "https://pypi.org/simple" }
sdist = { url = "https://files.pythonhosted.org/packages/f2/a5/fdbf6a7871703df6160b5cf3dd774074b086d278172285c52c2758b76305/numpy-2.2.1.tar.gz", hash = "sha256:45681fd7128c8ad1c379f0ca0776a8b0c6583d2f69889ddac01559dfe4390918", size = 20227662 }
wheels = [
    { url = "https://files.pythonhosted.org/packages/c7/c4/5588367dc9f91e1a813beb77de46ea8cab13f778e1b3a0e661ab031aba44/numpy-2.2.1-cp310-cp310-macosx_10_9_x86_64.whl", hash = "sha256:5edb4e4caf751c1518e6a26a83501fda79bff41cc59dac48d70e6d65d4ec4440", size = 21213214 },
    { url = "https://files.pythonhosted.org/packages/d8/8b/32dd9f08419023a4cf856c5ad0b4eba9b830da85eafdef841a104c4fc05a/numpy-2.2.1-cp310-cp310-macosx_11_0_arm64.whl", hash = "sha256:aa3017c40d513ccac9621a2364f939d39e550c542eb2a894b4c8da92b38896ab", size = 14352248 },
    { url = "https://files.pythonhosted.org/packages/84/2d/0e895d02940ba6e12389f0ab5cac5afcf8dc2dc0ade4e8cad33288a721bd/numpy-2.2.1-cp310-cp310-macosx_14_0_arm64.whl", hash = "sha256:61048b4a49b1c93fe13426e04e04fdf5a03f456616f6e98c7576144677598675", size = 5391007 },
    { url = "https://files.pythonhosted.org/packages/11/b9/7f1e64a0d46d9c2af6d17966f641fb12d5b8ea3003f31b2308f3e3b9a6aa/numpy-2.2.1-cp310-cp310-macosx_14_0_x86_64.whl", hash = "sha256:7671dc19c7019103ca44e8d94917eba8534c76133523ca8406822efdd19c9308", size = 6926174 },
    { url = "https://files.pythonhosted.org/packages/2e/8c/043fa4418bc9364e364ab7aba8ff6ef5f6b9171ade22de8fbcf0e2fa4165/numpy-2.2.1-cp310-cp310-manylinux_2_17_aarch64.manylinux2014_aarch64.whl", hash = "sha256:4250888bcb96617e00bfa28ac24850a83c9f3a16db471eca2ee1f1714df0f957", size = 14330914 },
    { url = "https://files.pythonhosted.org/packages/f7/b6/d8110985501ca8912dfc1c3bbef99d66e62d487f72e46b2337494df77364/numpy-2.2.1-cp310-cp310-manylinux_2_17_x86_64.manylinux2014_x86_64.whl", hash = "sha256:a7746f235c47abc72b102d3bce9977714c2444bdfaea7888d241b4c4bb6a78bf", size = 16379607 },
    { url = "https://files.pythonhosted.org/packages/e2/57/bdca9fb8bdaa810c3a4ff2eb3231379b77f618a7c0d24be9f7070db50775/numpy-2.2.1-cp310-cp310-musllinux_1_2_aarch64.whl", hash = "sha256:059e6a747ae84fce488c3ee397cee7e5f905fd1bda5fb18c66bc41807ff119b2", size = 15541760 },
    { url = "https://files.pythonhosted.org/packages/97/55/3b9147b3cbc3b6b1abc2a411dec5337a46c873deca0dd0bf5bef9d0579cc/numpy-2.2.1-cp310-cp310-musllinux_1_2_x86_64.whl", hash = "sha256:f62aa6ee4eb43b024b0e5a01cf65a0bb078ef8c395e8713c6e8a12a697144528", size = 18168476 },
    { url = "https://files.pythonhosted.org/packages/00/e7/7c2cde16c9b87a8e14fdd262ca7849c4681cf48c8a774505f7e6f5e3b643/numpy-2.2.1-cp310-cp310-win32.whl", hash = "sha256:48fd472630715e1c1c89bf1feab55c29098cb403cc184b4859f9c86d4fcb6a95", size = 6570985 },
    { url = "https://files.pythonhosted.org/packages/a1/a8/554b0e99fc4ac11ec481254781a10da180d0559c2ebf2c324232317349ee/numpy-2.2.1-cp310-cp310-win_amd64.whl", hash = "sha256:b541032178a718c165a49638d28272b771053f628382d5e9d1c93df23ff58dbf", size = 12913384 },
    { url = "https://files.pythonhosted.org/packages/59/14/645887347124e101d983e1daf95b48dc3e136bf8525cb4257bf9eab1b768/numpy-2.2.1-cp311-cp311-macosx_10_9_x86_64.whl", hash = "sha256:40f9e544c1c56ba8f1cf7686a8c9b5bb249e665d40d626a23899ba6d5d9e1484", size = 21217379 },
    { url = "https://files.pythonhosted.org/packages/9f/fd/2279000cf29f58ccfd3778cbf4670dfe3f7ce772df5e198c5abe9e88b7d7/numpy-2.2.1-cp311-cp311-macosx_11_0_arm64.whl", hash = "sha256:f9b57eaa3b0cd8db52049ed0330747b0364e899e8a606a624813452b8203d5f7", size = 14388520 },
    { url = "https://files.pythonhosted.org/packages/58/b0/034eb5d5ba12d66ab658ff3455a31f20add0b78df8203c6a7451bd1bee21/numpy-2.2.1-cp311-cp311-macosx_14_0_arm64.whl", hash = "sha256:bc8a37ad5b22c08e2dbd27df2b3ef7e5c0864235805b1e718a235bcb200cf1cb", size = 5389286 },
    { url = "https://files.pythonhosted.org/packages/5d/69/6f3cccde92e82e7835fdb475c2bf439761cbf8a1daa7c07338e1e132dfec/numpy-2.2.1-cp311-cp311-macosx_14_0_x86_64.whl", hash = "sha256:9036d6365d13b6cbe8f27a0eaf73ddcc070cae584e5ff94bb45e3e9d729feab5", size = 6930345 },
    { url = "https://files.pythonhosted.org/packages/d1/72/1cd38e91ab563e67f584293fcc6aca855c9ae46dba42e6b5ff4600022899/numpy-2.2.1-cp311-cp311-manylinux_2_17_aarch64.manylinux2014_aarch64.whl", hash = "sha256:51faf345324db860b515d3f364eaa93d0e0551a88d6218a7d61286554d190d73", size = 14335748 },
    { url = "https://files.pythonhosted.org/packages/f2/d4/f999444e86986f3533e7151c272bd8186c55dda554284def18557e013a2a/numpy-2.2.1-cp311-cp311-manylinux_2_17_x86_64.manylinux2014_x86_64.whl", hash = "sha256:38efc1e56b73cc9b182fe55e56e63b044dd26a72128fd2fbd502f75555d92591", size = 16391057 },
    { url = "https://files.pythonhosted.org/packages/99/7b/85cef6a3ae1b19542b7afd97d0b296526b6ef9e3c43ea0c4d9c4404fb2d0/numpy-2.2.1-cp311-cp311-musllinux_1_2_aarch64.whl", hash = "sha256:31b89fa67a8042e96715c68e071a1200c4e172f93b0fbe01a14c0ff3ff820fc8", size = 15556943 },
    { url = "https://files.pythonhosted.org/packages/69/7e/b83cc884c3508e91af78760f6b17ab46ad649831b1fa35acb3eb26d9e6d2/numpy-2.2.1-cp311-cp311-musllinux_1_2_x86_64.whl", hash = "sha256:4c86e2a209199ead7ee0af65e1d9992d1dce7e1f63c4b9a616500f93820658d0", size = 18180785 },
    { url = "https://files.pythonhosted.org/packages/b2/9f/eb4a9a38867de059dcd4b6e18d47c3867fbd3795d4c9557bb49278f94087/numpy-2.2.1-cp311-cp311-win32.whl", hash = "sha256:b34d87e8a3090ea626003f87f9392b3929a7bbf4104a05b6667348b6bd4bf1cd", size = 6568983 },
    { url = "https://files.pythonhosted.org/packages/6d/1e/be3b9f3073da2f8c7fa361fcdc231b548266b0781029fdbaf75eeab997fd/numpy-2.2.1-cp311-cp311-win_amd64.whl", hash = "sha256:360137f8fb1b753c5cde3ac388597ad680eccbbbb3865ab65efea062c4a1fd16", size = 12917260 },
    { url = "https://files.pythonhosted.org/packages/62/12/b928871c570d4a87ab13d2cc19f8817f17e340d5481621930e76b80ffb7d/numpy-2.2.1-cp312-cp312-macosx_10_13_x86_64.whl", hash = "sha256:694f9e921a0c8f252980e85bce61ebbd07ed2b7d4fa72d0e4246f2f8aa6642ab", size = 20909861 },
    { url = "https://files.pythonhosted.org/packages/3d/c3/59df91ae1d8ad7c5e03efd63fd785dec62d96b0fe56d1f9ab600b55009af/numpy-2.2.1-cp312-cp312-macosx_11_0_arm64.whl", hash = "sha256:3683a8d166f2692664262fd4900f207791d005fb088d7fdb973cc8d663626faa", size = 14095776 },
    { url = "https://files.pythonhosted.org/packages/af/4e/8ed5868efc8e601fb69419644a280e9c482b75691466b73bfaab7d86922c/numpy-2.2.1-cp312-cp312-macosx_14_0_arm64.whl", hash = "sha256:780077d95eafc2ccc3ced969db22377b3864e5b9a0ea5eb347cc93b3ea900315", size = 5126239 },
    { url = "https://files.pythonhosted.org/packages/1a/74/dd0bbe650d7bc0014b051f092f2de65e34a8155aabb1287698919d124d7f/numpy-2.2.1-cp312-cp312-macosx_14_0_x86_64.whl", hash = "sha256:55ba24ebe208344aa7a00e4482f65742969a039c2acfcb910bc6fcd776eb4355", size = 6659296 },
    { url = "https://files.pythonhosted.org/packages/7f/11/4ebd7a3f4a655764dc98481f97bd0a662fb340d1001be6050606be13e162/numpy-2.2.1-cp312-cp312-manylinux_2_17_aarch64.manylinux2014_aarch64.whl", hash = "sha256:9b1d07b53b78bf84a96898c1bc139ad7f10fda7423f5fd158fd0f47ec5e01ac7", size = 14047121 },
    { url = "https://files.pythonhosted.org/packages/7f/a7/c1f1d978166eb6b98ad009503e4d93a8c1962d0eb14a885c352ee0276a54/numpy-2.2.1-cp312-cp312-manylinux_2_17_x86_64.manylinux2014_x86_64.whl", hash = "sha256:5062dc1a4e32a10dc2b8b13cedd58988261416e811c1dc4dbdea4f57eea61b0d", size = 16096599 },
    { url = "https://files.pythonhosted.org/packages/3d/6d/0e22afd5fcbb4d8d0091f3f46bf4e8906399c458d4293da23292c0ba5022/numpy-2.2.1-cp312-cp312-musllinux_1_2_aarch64.whl", hash = "sha256:fce4f615f8ca31b2e61aa0eb5865a21e14f5629515c9151850aa936c02a1ee51", size = 15243932 },
    { url = "https://files.pythonhosted.org/packages/03/39/e4e5832820131ba424092b9610d996b37e5557180f8e2d6aebb05c31ae54/numpy-2.2.1-cp312-cp312-musllinux_1_2_x86_64.whl", hash = "sha256:67d4cda6fa6ffa073b08c8372aa5fa767ceb10c9a0587c707505a6d426f4e046", size = 17861032 },
    { url = "https://files.pythonhosted.org/packages/5f/8a/3794313acbf5e70df2d5c7d2aba8718676f8d054a05abe59e48417fb2981/numpy-2.2.1-cp312-cp312-win32.whl", hash = "sha256:32cb94448be47c500d2c7a95f93e2f21a01f1fd05dd2beea1ccd049bb6001cd2", size = 6274018 },
    { url = "https://files.pythonhosted.org/packages/17/c1/c31d3637f2641e25c7a19adf2ae822fdaf4ddd198b05d79a92a9ce7cb63e/numpy-2.2.1-cp312-cp312-win_amd64.whl", hash = "sha256:ba5511d8f31c033a5fcbda22dd5c813630af98c70b2661f2d2c654ae3cdfcfc8", size = 12613843 },
    { url = "https://files.pythonhosted.org/packages/20/d6/91a26e671c396e0c10e327b763485ee295f5a5a7a48c553f18417e5a0ed5/numpy-2.2.1-cp313-cp313-macosx_10_13_x86_64.whl", hash = "sha256:f1d09e520217618e76396377c81fba6f290d5f926f50c35f3a5f72b01a0da780", size = 20896464 },
    { url = "https://files.pythonhosted.org/packages/8c/40/5792ccccd91d45e87d9e00033abc4f6ca8a828467b193f711139ff1f1cd9/numpy-2.2.1-cp313-cp313-macosx_11_0_arm64.whl", hash = "sha256:3ecc47cd7f6ea0336042be87d9e7da378e5c7e9b3c8ad0f7c966f714fc10d821", size = 14111350 },
    { url = "https://files.pythonhosted.org/packages/c0/2a/fb0a27f846cb857cef0c4c92bef89f133a3a1abb4e16bba1c4dace2e9b49/numpy-2.2.1-cp313-cp313-macosx_14_0_arm64.whl", hash = "sha256:f419290bc8968a46c4933158c91a0012b7a99bb2e465d5ef5293879742f8797e", size = 5111629 },
    { url = "https://files.pythonhosted.org/packages/eb/e5/8e81bb9d84db88b047baf4e8b681a3e48d6390bc4d4e4453eca428ecbb49/numpy-2.2.1-cp313-cp313-macosx_14_0_x86_64.whl", hash = "sha256:5b6c390bfaef8c45a260554888966618328d30e72173697e5cabe6b285fb2348", size = 6645865 },
    { url = "https://files.pythonhosted.org/packages/7a/1a/a90ceb191dd2f9e2897c69dde93ccc2d57dd21ce2acbd7b0333e8eea4e8d/numpy-2.2.1-cp313-cp313-manylinux_2_17_aarch64.manylinux2014_aarch64.whl", hash = "sha256:526fc406ab991a340744aad7e25251dd47a6720a685fa3331e5c59fef5282a59", size = 14043508 },
    { url = "https://files.pythonhosted.org/packages/f1/5a/e572284c86a59dec0871a49cd4e5351e20b9c751399d5f1d79628c0542cb/numpy-2.2.1-cp313-cp313-manylinux_2_17_x86_64.manylinux2014_x86_64.whl", hash = "sha256:f74e6fdeb9a265624ec3a3918430205dff1df7e95a230779746a6af78bc615af", size = 16094100 },
    { url = "https://files.pythonhosted.org/packages/0c/2c/a79d24f364788386d85899dd280a94f30b0950be4b4a545f4fa4ed1d4ca7/numpy-2.2.1-cp313-cp313-musllinux_1_2_aarch64.whl", hash = "sha256:53c09385ff0b72ba79d8715683c1168c12e0b6e84fb0372e97553d1ea91efe51", size = 15239691 },
    { url = "https://files.pythonhosted.org/packages/cf/79/1e20fd1c9ce5a932111f964b544facc5bb9bde7865f5b42f00b4a6a9192b/numpy-2.2.1-cp313-cp313-musllinux_1_2_x86_64.whl", hash = "sha256:f3eac17d9ec51be534685ba877b6ab5edc3ab7ec95c8f163e5d7b39859524716", size = 17856571 },
    { url = "https://files.pythonhosted.org/packages/be/5b/cc155e107f75d694f562bdc84a26cc930569f3dfdfbccb3420b626065777/numpy-2.2.1-cp313-cp313-win32.whl", hash = "sha256:9ad014faa93dbb52c80d8f4d3dcf855865c876c9660cb9bd7553843dd03a4b1e", size = 6270841 },
    { url = "https://files.pythonhosted.org/packages/44/be/0e5cd009d2162e4138d79a5afb3b5d2341f0fe4777ab6e675aa3d4a42e21/numpy-2.2.1-cp313-cp313-win_amd64.whl", hash = "sha256:164a829b6aacf79ca47ba4814b130c4020b202522a93d7bff2202bfb33b61c60", size = 12606618 },
    { url = "https://files.pythonhosted.org/packages/a8/87/04ddf02dd86fb17c7485a5f87b605c4437966d53de1e3745d450343a6f56/numpy-2.2.1-cp313-cp313t-macosx_10_13_x86_64.whl", hash = "sha256:4dfda918a13cc4f81e9118dea249e192ab167a0bb1966272d5503e39234d694e", size = 20921004 },
    { url = "https://files.pythonhosted.org/packages/6e/3e/d0e9e32ab14005425d180ef950badf31b862f3839c5b927796648b11f88a/numpy-2.2.1-cp313-cp313t-macosx_11_0_arm64.whl", hash = "sha256:733585f9f4b62e9b3528dd1070ec4f52b8acf64215b60a845fa13ebd73cd0712", size = 14119910 },
    { url = "https://files.pythonhosted.org/packages/b5/5b/aa2d1905b04a8fb681e08742bb79a7bddfc160c7ce8e1ff6d5c821be0236/numpy-2.2.1-cp313-cp313t-macosx_14_0_arm64.whl", hash = "sha256:89b16a18e7bba224ce5114db863e7029803c179979e1af6ad6a6b11f70545008", size = 5153612 },
    { url = "https://files.pythonhosted.org/packages/ce/35/6831808028df0648d9b43c5df7e1051129aa0d562525bacb70019c5f5030/numpy-2.2.1-cp313-cp313t-macosx_14_0_x86_64.whl", hash = "sha256:676f4eebf6b2d430300f1f4f4c2461685f8269f94c89698d832cdf9277f30b84", size = 6668401 },
    { url = "https://files.pythonhosted.org/packages/b1/38/10ef509ad63a5946cc042f98d838daebfe7eaf45b9daaf13df2086b15ff9/numpy-2.2.1-cp313-cp313t-manylinux_2_17_aarch64.manylinux2014_aarch64.whl", hash = "sha256:27f5cdf9f493b35f7e41e8368e7d7b4bbafaf9660cba53fb21d2cd174ec09631", size = 14014198 },
    { url = "https://files.pythonhosted.org/packages/df/f8/c80968ae01df23e249ee0a4487fae55a4c0fe2f838dfe9cc907aa8aea0fa/numpy-2.2.1-cp313-cp313t-manylinux_2_17_x86_64.manylinux2014_x86_64.whl", hash = "sha256:c1ad395cf254c4fbb5b2132fee391f361a6e8c1adbd28f2cd8e79308a615fe9d", size = 16076211 },
    { url = "https://files.pythonhosted.org/packages/09/69/05c169376016a0b614b432967ac46ff14269eaffab80040ec03ae1ae8e2c/numpy-2.2.1-cp313-cp313t-musllinux_1_2_aarch64.whl", hash = "sha256:08ef779aed40dbc52729d6ffe7dd51df85796a702afbf68a4f4e41fafdc8bda5", size = 15220266 },
    { url = "https://files.pythonhosted.org/packages/f1/ff/94a4ce67ea909f41cf7ea712aebbe832dc67decad22944a1020bb398a5ee/numpy-2.2.1-cp313-cp313t-musllinux_1_2_x86_64.whl", hash = "sha256:26c9c4382b19fcfbbed3238a14abf7ff223890ea1936b8890f058e7ba35e8d71", size = 17852844 },
    { url = "https://files.pythonhosted.org/packages/46/72/8a5dbce4020dfc595592333ef2fbb0a187d084ca243b67766d29d03e0096/numpy-2.2.1-cp313-cp313t-win32.whl", hash = "sha256:93cf4e045bae74c90ca833cba583c14b62cb4ba2cba0abd2b141ab52548247e2", size = 6326007 },
    { url = "https://files.pythonhosted.org/packages/7b/9c/4fce9cf39dde2562584e4cfd351a0140240f82c0e3569ce25a250f47037d/numpy-2.2.1-cp313-cp313t-win_amd64.whl", hash = "sha256:bff7d8ec20f5f42607599f9994770fa65d76edca264a87b5e4ea5629bce12268", size = 12693107 },
    { url = "https://files.pythonhosted.org/packages/f1/65/d36a76b811ffe0a4515e290cb05cb0e22171b1b0f0db6bee9141cf023545/numpy-2.2.1-pp310-pypy310_pp73-macosx_10_15_x86_64.whl", hash = "sha256:7ba9cc93a91d86365a5d270dee221fdc04fb68d7478e6bf6af650de78a8339e3", size = 21044672 },
    { url = "https://files.pythonhosted.org/packages/aa/3f/b644199f165063154df486d95198d814578f13dd4d8c1651e075bf1cb8af/numpy-2.2.1-pp310-pypy310_pp73-macosx_14_0_x86_64.whl", hash = "sha256:3d03883435a19794e41f147612a77a8f56d4e52822337844fff3d4040a142964", size = 6789873 },
    { url = "https://files.pythonhosted.org/packages/d7/df/2adb0bb98a3cbe8a6c3c6d1019aede1f1d8b83927ced228a46cc56c7a206/numpy-2.2.1-pp310-pypy310_pp73-manylinux_2_17_x86_64.manylinux2014_x86_64.whl", hash = "sha256:4511d9e6071452b944207c8ce46ad2f897307910b402ea5fa975da32e0102800", size = 16194933 },
    { url = "https://files.pythonhosted.org/packages/13/3e/1959d5219a9e6d200638d924cedda6a606392f7186a4ed56478252e70d55/numpy-2.2.1-pp310-pypy310_pp73-win_amd64.whl", hash = "sha256:5c5cc0cbabe9452038ed984d05ac87910f89370b9242371bd9079cb4af61811e", size = 12820057 },
]

[[package]]
name = "nvidia-cublas-cu12"
version = "12.4.5.8"
source = { registry = "https://pypi.org/simple" }
wheels = [
    { url = "https://files.pythonhosted.org/packages/ae/71/1c91302526c45ab494c23f61c7a84aa568b8c1f9d196efa5993957faf906/nvidia_cublas_cu12-12.4.5.8-py3-none-manylinux2014_x86_64.whl", hash = "sha256:2fc8da60df463fdefa81e323eef2e36489e1c94335b5358bcb38360adf75ac9b", size = 363438805 },
]

[[package]]
name = "nvidia-cuda-cupti-cu12"
version = "12.4.127"
source = { registry = "https://pypi.org/simple" }
wheels = [
    { url = "https://files.pythonhosted.org/packages/67/42/f4f60238e8194a3106d06a058d494b18e006c10bb2b915655bd9f6ea4cb1/nvidia_cuda_cupti_cu12-12.4.127-py3-none-manylinux2014_x86_64.whl", hash = "sha256:9dec60f5ac126f7bb551c055072b69d85392b13311fcc1bcda2202d172df30fb", size = 13813957 },
]

[[package]]
name = "nvidia-cuda-nvrtc-cu12"
version = "12.4.127"
source = { registry = "https://pypi.org/simple" }
wheels = [
    { url = "https://files.pythonhosted.org/packages/2c/14/91ae57cd4db3f9ef7aa99f4019cfa8d54cb4caa7e00975df6467e9725a9f/nvidia_cuda_nvrtc_cu12-12.4.127-py3-none-manylinux2014_x86_64.whl", hash = "sha256:a178759ebb095827bd30ef56598ec182b85547f1508941a3d560eb7ea1fbf338", size = 24640306 },
]

[[package]]
name = "nvidia-cuda-runtime-cu12"
version = "12.4.127"
source = { registry = "https://pypi.org/simple" }
wheels = [
    { url = "https://files.pythonhosted.org/packages/ea/27/1795d86fe88ef397885f2e580ac37628ed058a92ed2c39dc8eac3adf0619/nvidia_cuda_runtime_cu12-12.4.127-py3-none-manylinux2014_x86_64.whl", hash = "sha256:64403288fa2136ee8e467cdc9c9427e0434110899d07c779f25b5c068934faa5", size = 883737 },
]

[[package]]
name = "nvidia-cudnn-cu12"
version = "9.1.0.70"
source = { registry = "https://pypi.org/simple" }
dependencies = [
    { name = "nvidia-cublas-cu12" },
]
wheels = [
    { url = "https://files.pythonhosted.org/packages/9f/fd/713452cd72343f682b1c7b9321e23829f00b842ceaedcda96e742ea0b0b3/nvidia_cudnn_cu12-9.1.0.70-py3-none-manylinux2014_x86_64.whl", hash = "sha256:165764f44ef8c61fcdfdfdbe769d687e06374059fbb388b6c89ecb0e28793a6f", size = 664752741 },
]

[[package]]
name = "nvidia-cufft-cu12"
version = "11.2.1.3"
source = { registry = "https://pypi.org/simple" }
dependencies = [
    { name = "nvidia-nvjitlink-cu12" },
]
wheels = [
    { url = "https://files.pythonhosted.org/packages/27/94/3266821f65b92b3138631e9c8e7fe1fb513804ac934485a8d05776e1dd43/nvidia_cufft_cu12-11.2.1.3-py3-none-manylinux2014_x86_64.whl", hash = "sha256:f083fc24912aa410be21fa16d157fed2055dab1cc4b6934a0e03cba69eb242b9", size = 211459117 },
]

[[package]]
name = "nvidia-curand-cu12"
version = "10.3.5.147"
source = { registry = "https://pypi.org/simple" }
wheels = [
    { url = "https://files.pythonhosted.org/packages/8a/6d/44ad094874c6f1b9c654f8ed939590bdc408349f137f9b98a3a23ccec411/nvidia_curand_cu12-10.3.5.147-py3-none-manylinux2014_x86_64.whl", hash = "sha256:a88f583d4e0bb643c49743469964103aa59f7f708d862c3ddb0fc07f851e3b8b", size = 56305206 },
]

[[package]]
name = "nvidia-cusolver-cu12"
version = "11.6.1.9"
source = { registry = "https://pypi.org/simple" }
dependencies = [
    { name = "nvidia-cublas-cu12" },
    { name = "nvidia-cusparse-cu12" },
    { name = "nvidia-nvjitlink-cu12" },
]
wheels = [
    { url = "https://files.pythonhosted.org/packages/3a/e1/5b9089a4b2a4790dfdea8b3a006052cfecff58139d5a4e34cb1a51df8d6f/nvidia_cusolver_cu12-11.6.1.9-py3-none-manylinux2014_x86_64.whl", hash = "sha256:19e33fa442bcfd085b3086c4ebf7e8debc07cfe01e11513cc6d332fd918ac260", size = 127936057 },
]

[[package]]
name = "nvidia-cusparse-cu12"
version = "12.3.1.170"
source = { registry = "https://pypi.org/simple" }
dependencies = [
    { name = "nvidia-nvjitlink-cu12" },
]
wheels = [
    { url = "https://files.pythonhosted.org/packages/db/f7/97a9ea26ed4bbbfc2d470994b8b4f338ef663be97b8f677519ac195e113d/nvidia_cusparse_cu12-12.3.1.170-py3-none-manylinux2014_x86_64.whl", hash = "sha256:ea4f11a2904e2a8dc4b1833cc1b5181cde564edd0d5cd33e3c168eff2d1863f1", size = 207454763 },
]

[[package]]
name = "nvidia-nccl-cu12"
version = "2.21.5"
source = { registry = "https://pypi.org/simple" }
wheels = [
    { url = "https://files.pythonhosted.org/packages/df/99/12cd266d6233f47d00daf3a72739872bdc10267d0383508b0b9c84a18bb6/nvidia_nccl_cu12-2.21.5-py3-none-manylinux2014_x86_64.whl", hash = "sha256:8579076d30a8c24988834445f8d633c697d42397e92ffc3f63fa26766d25e0a0", size = 188654414 },
]

[[package]]
name = "nvidia-nvjitlink-cu12"
version = "12.4.127"
source = { registry = "https://pypi.org/simple" }
wheels = [
    { url = "https://files.pythonhosted.org/packages/ff/ff/847841bacfbefc97a00036e0fce5a0f086b640756dc38caea5e1bb002655/nvidia_nvjitlink_cu12-12.4.127-py3-none-manylinux2014_x86_64.whl", hash = "sha256:06b3b9b25bf3f8af351d664978ca26a16d2c5127dbd53c0497e28d1fb9611d57", size = 21066810 },
]

[[package]]
name = "nvidia-nvtx-cu12"
version = "12.4.127"
source = { registry = "https://pypi.org/simple" }
wheels = [
    { url = "https://files.pythonhosted.org/packages/87/20/199b8713428322a2f22b722c62b8cc278cc53dffa9705d744484b5035ee9/nvidia_nvtx_cu12-12.4.127-py3-none-manylinux2014_x86_64.whl", hash = "sha256:781e950d9b9f60d8241ccea575b32f5105a5baf4c2351cab5256a24869f12a1a", size = 99144 },
]

[[package]]
name = "pytorch-template"
version = "0.1.0"
source = { virtual = "." }
dependencies = [
    { name = "numpy" },
    { name = "torch", marker = "platform_machine == 'x86_64' and sys_platform == 'linux'" },
]

[package.metadata]
requires-dist = [
    { name = "numpy", specifier = ">=2.2.1" },
    { name = "torch", marker = "platform_machine == 'x86_64' and sys_platform == 'linux'", specifier = "==2.5.0+cu124", index = "https://download.pytorch.org/whl/cu124" },
]

[[package]]
name = "setuptools"
version = "75.6.0"
source = { registry = "https://pypi.org/simple" }
sdist = { url = "https://files.pythonhosted.org/packages/43/54/292f26c208734e9a7f067aea4a7e282c080750c4546559b58e2e45413ca0/setuptools-75.6.0.tar.gz", hash = "sha256:8199222558df7c86216af4f84c30e9b34a61d8ba19366cc914424cdbd28252f6", size = 1337429 }
wheels = [
    { url = "https://files.pythonhosted.org/packages/55/21/47d163f615df1d30c094f6c8bbb353619274edccf0327b185cc2493c2c33/setuptools-75.6.0-py3-none-any.whl", hash = "sha256:ce74b49e8f7110f9bf04883b730f4765b774ef3ef28f722cce7c273d253aaf7d", size = 1224032 },
]

[[package]]
name = "sympy"
version = "1.13.1"
source = { registry = "https://pypi.org/simple" }
dependencies = [
    { name = "mpmath" },
]
sdist = { url = "https://files.pythonhosted.org/packages/ca/99/5a5b6f19ff9f083671ddf7b9632028436167cd3d33e11015754e41b249a4/sympy-1.13.1.tar.gz", hash = "sha256:9cebf7e04ff162015ce31c9c6c9144daa34a93bd082f54fd8f12deca4f47515f", size = 7533040 }
wheels = [
    { url = "https://files.pythonhosted.org/packages/b2/fe/81695a1aa331a842b582453b605175f419fe8540355886031328089d840a/sympy-1.13.1-py3-none-any.whl", hash = "sha256:db36cdc64bf61b9b24578b6f7bab1ecdd2452cf008f34faa33776680c26d66f8", size = 6189177 },
]

[[package]]
name = "torch"
version = "2.5.0+cu124"
source = { registry = "https://download.pytorch.org/whl/cu124" }
dependencies = [
    { name = "filelock" },
    { name = "fsspec" },
    { name = "jinja2" },
    { name = "networkx" },
    { name = "nvidia-cublas-cu12", marker = "platform_machine == 'x86_64' and sys_platform == 'linux'" },
    { name = "nvidia-cuda-cupti-cu12", marker = "platform_machine == 'x86_64' and sys_platform == 'linux'" },
    { name = "nvidia-cuda-nvrtc-cu12", marker = "platform_machine == 'x86_64' and sys_platform == 'linux'" },
    { name = "nvidia-cuda-runtime-cu12", marker = "platform_machine == 'x86_64' and sys_platform == 'linux'" },
    { name = "nvidia-cudnn-cu12", marker = "platform_machine == 'x86_64' and sys_platform == 'linux'" },
    { name = "nvidia-cufft-cu12", marker = "platform_machine == 'x86_64' and sys_platform == 'linux'" },
    { name = "nvidia-curand-cu12", marker = "platform_machine == 'x86_64' and sys_platform == 'linux'" },
    { name = "nvidia-cusolver-cu12", marker = "platform_machine == 'x86_64' and sys_platform == 'linux'" },
    { name = "nvidia-cusparse-cu12", marker = "platform_machine == 'x86_64' and sys_platform == 'linux'" },
    { name = "nvidia-nccl-cu12", marker = "platform_machine == 'x86_64' and sys_platform == 'linux'" },
    { name = "nvidia-nvjitlink-cu12", marker = "platform_machine == 'x86_64' and sys_platform == 'linux'" },
    { name = "nvidia-nvtx-cu12", marker = "platform_machine == 'x86_64' and sys_platform == 'linux'" },
    { name = "setuptools", marker = "python_full_version >= '3.12'" },
    { name = "sympy" },
    { name = "triton", marker = "python_full_version < '3.13' and platform_machine == 'x86_64' and sys_platform == 'linux'" },
    { name = "typing-extensions" },
]
wheels = [
    { url = "https://download.pytorch.org/whl/cu124/torch-2.5.0%2Bcu124-cp310-cp310-linux_x86_64.whl", hash = "sha256:b8b723f47aa06fdfeb1a7aac5dff8fa5994bfaa4fd3cad0601bbf0d5b1c15049" },
    { url = "https://download.pytorch.org/whl/cu124/torch-2.5.0%2Bcu124-cp311-cp311-linux_x86_64.whl", hash = "sha256:5e3f4a7ba812517c2c1659857b5195f287a288fbd050a5abf9311e03dbe1a28b" },
    { url = "https://download.pytorch.org/whl/cu124/torch-2.5.0%2Bcu124-cp312-cp312-linux_x86_64.whl", hash = "sha256:11c281d9688c36eded06ae8f60d6b97e010831efaea4a4b2244ad4367e232ed7" },
    { url = "https://download.pytorch.org/whl/cu124/torch-2.5.0%2Bcu124-cp313-cp313-linux_x86_64.whl", hash = "sha256:ad9c7bb5b0921e3fa9e62ac0107f5602d6fae8e2a89258fcc30baf10a9d8444d" },
]

[[package]]
name = "triton"
version = "3.1.0"
source = { registry = "https://pypi.org/simple" }
dependencies = [
    { name = "filelock" },
]
wheels = [
    { url = "https://files.pythonhosted.org/packages/98/29/69aa56dc0b2eb2602b553881e34243475ea2afd9699be042316842788ff5/triton-3.1.0-cp310-cp310-manylinux_2_17_x86_64.manylinux2014_x86_64.whl", hash = "sha256:6b0dd10a925263abbe9fa37dcde67a5e9b2383fc269fdf59f5657cac38c5d1d8", size = 209460013 },
    { url = "https://files.pythonhosted.org/packages/86/17/d9a5cf4fcf46291856d1e90762e36cbabd2a56c7265da0d1d9508c8e3943/triton-3.1.0-cp311-cp311-manylinux_2_17_x86_64.manylinux2014_x86_64.whl", hash = "sha256:0f34f6e7885d1bf0eaaf7ba875a5f0ce6f3c13ba98f9503651c1e6dc6757ed5c", size = 209506424 },
    { url = "https://files.pythonhosted.org/packages/78/eb/65f5ba83c2a123f6498a3097746607e5b2f16add29e36765305e4ac7fdd8/triton-3.1.0-cp312-cp312-manylinux_2_17_x86_64.manylinux2014_x86_64.whl", hash = "sha256:c8182f42fd8080a7d39d666814fa36c5e30cc00ea7eeeb1a2983dbb4c99a0fdc", size = 209551444 },
]

[[package]]
name = "typing-extensions"
version = "4.12.2"
source = { registry = "https://pypi.org/simple" }
sdist = { url = "https://files.pythonhosted.org/packages/df/db/f35a00659bc03fec321ba8bce9420de607a1d37f8342eee1863174c69557/typing_extensions-4.12.2.tar.gz", hash = "sha256:1a7ead55c7e559dd4dee8856e3a88b41225abfe1ce8df57b7c13915fe121ffb8", size = 85321 }
wheels = [
    { url = "https://files.pythonhosted.org/packages/26/9f/ad63fc0248c5379346306f8668cda6e2e2e9c95e01216d2b8ffd9ff037d0/typing_extensions-4.12.2-py3-none-any.whl", hash = "sha256:04e5ca0351e0f3f85c6853954072df659d0d13fac324d0072316b67d7794700d", size = 37438 },
]
